{
  "name": "inzerosight",
  "lockfileVersion": 2,
  "requires": true,
  "packages": {
    "": {
      "dependencies": {
        "blakejs": "^1.2.1",
        "generic-speck": "^1.1.1",
        "speck.js": "^0.1.0"
      }
    },
    "node_modules/blakejs": {
      "version": "1.2.1",
      "resolved": "https://registry.npmjs.org/blakejs/-/blakejs-1.2.1.tgz",
      "integrity": "sha512-QXUSXI3QVc/gJME0dBpXrag1kbzOqCjCX8/b54ntNyW6sjtoqxqRk3LTmXzaJoh71zMsDCjM+47jS7XiwN/+fQ=="
    },
    "node_modules/generic-speck": {
      "version": "1.1.1",
      "resolved": "https://registry.npmjs.org/generic-speck/-/generic-speck-1.1.1.tgz",
      "integrity": "sha512-ouyhSdVz3kJ5lq62cGdLY+5u2dOUGNRT2sjKG7ze/XACXKV5n08rRcZcmav53HMza+SKmKwJVJeXlvzIsTRfPw=="
    },
    "node_modules/speck.js": {
      "version": "0.1.0",
      "resolved": "https://registry.npmjs.org/speck.js/-/speck.js-0.1.0.tgz",
      "integrity": "sha512-6h+btnKa3TF6tMDb5gF1mQJ1KCuB0ZfcZJspFJwUGEGRkJERDgwp6OWeTponrxUybd1MEssOEUtLPXL1Xl9TgQ=="
    }
  },
  "dependencies": {
    "blakejs": {
      "version": "1.2.1",
      "resolved": "https://registry.npmjs.org/blakejs/-/blakejs-1.2.1.tgz",
      "integrity": "sha512-QXUSXI3QVc/gJME0dBpXrag1kbzOqCjCX8/b54ntNyW6sjtoqxqRk3LTmXzaJoh71zMsDCjM+47jS7XiwN/+fQ=="
    },
    "generic-speck": {
      "version": "1.1.1",
      "resolved": "https://registry.npmjs.org/generic-speck/-/generic-speck-1.1.1.tgz",
      "integrity": "sha512-ouyhSdVz3kJ5lq62cGdLY+5u2dOUGNRT2sjKG7ze/XACXKV5n08rRcZcmav53HMza+SKmKwJVJeXlvzIsTRfPw=="
    },
    "speck.js": {
      "version": "0.1.0",
      "resolved": "https://registry.npmjs.org/speck.js/-/speck.js-0.1.0.tgz",
      "integrity": "sha512-6h+btnKa3TF6tMDb5gF1mQJ1KCuB0ZfcZJspFJwUGEGRkJERDgwp6OWeTponrxUybd1MEssOEUtLPXL1Xl9TgQ=="
    }
  }
}
